
Microsoft Visual Studio Solution File, Format Version 12.00
# Visual Studio Version 17
VisualStudioVersion = 17.9.34714.143
MinimumVisualStudioVersion = 10.0.40219.1
Project("{8BC9CEB8-8B4A-11D0-8D11-00A0C91BC942}") = "Class1", "Class1\Class1.vcxproj", "{2CA4EA98-0C1C-4755-B8E1-A2C31532B392}"
EndProject
Project("{8BC9CEB8-8B4A-11D0-8D11-00A0C91BC942}") = "Class2", "Class2\Class2.vcxproj", "{BC64C606-3169-4878-A334-034D5D22417F}"
EndProject
Project("{8BC9CEB8-8B4A-11D0-8D11-00A0C91BC942}") = "Class3", "Class3\Class3.vcxproj", "{DA6F6F9D-8155-41D2-BD57-F45674CC18E1}"
EndProject
Project("{8BC9CEB8-8B4A-11D0-8D11-00A0C91BC942}") = "Class4", "Class4\Class4.vcxproj", "{B84A24B0-7CFD-492F-A288-75036FBD47FD}"
EndProject
Project("{8BC9CEB8-8B4A-11D0-8D11-00A0C91BC942}") = "Class5", "Class5\Class5.vcxproj", "{CE4C7493-57A0-45F6-BC34-9C851CE84229}"
EndProject
Project("{8BC9CEB8-8B4A-11D0-8D11-00A0C91BC942}") = "BombSearch", "BombSearch\BombSearch.vcxproj", "{48E487B1-2813-4AAD-BBF5-01B03D2D1897}"
EndProject
Project("{8BC9CEB8-8B4A-11D0-8D11-00A0C91BC942}") = "Class6", "Class6\Class6.vcxproj", "{A58462E9-7068-4792-9A33-24BAF2586BA7}"
EndProject
Project("{8BC9CEB8-8B4A-11D0-8D11-00A0C91BC942}") = "Class7", "Class7\Class7.vcxproj", "{F5D8A5F4-E64F-44CD-BDF8-039A289788C8}"
EndProject
Project("{8BC9CEB8-8B4A-11D0-8D11-00A0C91BC942}") = "Class8", "Class8\Class8.vcxproj", "{68649102-0EDE-4ABD-A3C7-8D5009802F81}"
EndProject
Project("{8BC9CEB8-8B4A-11D0-8D11-00A0C91BC942}") = "MathEx", "MathEx\MathEx.vcxproj", "{AC543E9E-3E21-4874-802C-140C6C8E499C}"
EndProject
Global
	GlobalSection(SolutionConfigurationPlatforms) = preSolution
		Debug|x64 = Debug|x64
		Debug|x86 = Debug|x86
		Release|x64 = Release|x64
		Release|x86 = Release|x86
	EndGlobalSection
	GlobalSection(ProjectConfigurationPlatforms) = postSolution
		{2CA4EA98-0C1C-4755-B8E1-A2C31532B392}.Debug|x64.ActiveCfg = Debug|x64
		{2CA4EA98-0C1C-4755-B8E1-A2C31532B392}.Debug|x64.Build.0 = Debug|x64
		{2CA4EA98-0C1C-4755-B8E1-A2C31532B392}.Debug|x86.ActiveCfg = Debug|Win32
		{2CA4EA98-0C1C-4755-B8E1-A2C31532B392}.Debug|x86.Build.0 = Debug|Win32
		{2CA4EA98-0C1C-4755-B8E1-A2C31532B392}.Release|x64.ActiveCfg = Release|x64
		{2CA4EA98-0C1C-4755-B8E1-A2C31532B392}.Release|x64.Build.0 = Release|x64
		{2CA4EA98-0C1C-4755-B8E1-A2C31532B392}.Release|x86.ActiveCfg = Release|Win32
		{2CA4EA98-0C1C-4755-B8E1-A2C31532B392}.Release|x86.Build.0 = Release|Win32
		{BC64C606-3169-4878-A334-034D5D22417F}.Debug|x64.ActiveCfg = Debug|x64
		{BC64C606-3169-4878-A334-034D5D22417F}.Debug|x64.Build.0 = Debug|x64
		{BC64C606-3169-4878-A334-034D5D22417F}.Debug|x86.ActiveCfg = Debug|Win32
		{BC64C606-3169-4878-A334-034D5D22417F}.Debug|x86.Build.0 = Debug|Win32
		{BC64C606-3169-4878-A334-034D5D22417F}.Release|x64.ActiveCfg = Release|x64
		{BC64C606-3169-4878-A334-034D5D22417F}.Release|x64.Build.0 = Release|x64
		{BC64C606-3169-4878-A334-034D5D22417F}.Release|x86.ActiveCfg = Release|Win32
		{BC64C606-3169-4878-A334-034D5D22417F}.Release|x86.Build.0 = Release|Win32
		{DA6F6F9D-8155-41D2-BD57-F45674CC18E1}.Debug|x64.ActiveCfg = Debug|x64
		{DA6F6F9D-8155-41D2-BD57-F45674CC18E1}.Debug|x64.Build.0 = Debug|x64
		{DA6F6F9D-8155-41D2-BD57-F45674CC18E1}.Debug|x86.ActiveCfg = Debug|Win32
		{DA6F6F9D-8155-41D2-BD57-F45674CC18E1}.Debug|x86.Build.0 = Debug|Win32
		{DA6F6F9D-8155-41D2-BD57-F45674CC18E1}.Release|x64.ActiveCfg = Release|x64
		{DA6F6F9D-8155-41D2-BD57-F45674CC18E1}.Release|x64.Build.0 = Release|x64
		{DA6F6F9D-8155-41D2-BD57-F45674CC18E1}.Release|x86.ActiveCfg = Release|Win32
		{DA6F6F9D-8155-41D2-BD57-F45674CC18E1}.Release|x86.Build.0 = Release|Win32
		{B84A24B0-7CFD-492F-A288-75036FBD47FD}.Debug|x64.ActiveCfg = Debug|x64
		{B84A24B0-7CFD-492F-A288-75036FBD47FD}.Debug|x64.Build.0 = Debug|x64
		{B84A24B0-7CFD-492F-A288-75036FBD47FD}.Debug|x86.ActiveCfg = Debug|Win32
		{B84A24B0-7CFD-492F-A288-75036FBD47FD}.Debug|x86.Build.0 = Debug|Win32
		{B84A24B0-7CFD-492F-A288-75036FBD47FD}.Release|x64.ActiveCfg = Release|x64
		{B84A24B0-7CFD-492F-A288-75036FBD47FD}.Release|x64.Build.0 = Release|x64
		{B84A24B0-7CFD-492F-A288-75036FBD47FD}.Release|x86.ActiveCfg = Release|Win32
		{B84A24B0-7CFD-492F-A288-75036FBD47FD}.Release|x86.Build.0 = Release|Win32
		{CE4C7493-57A0-45F6-BC34-9C851CE84229}.Debug|x64.ActiveCfg = Debug|x64
		{CE4C7493-57A0-45F6-BC34-9C851CE84229}.Debug|x64.Build.0 = Debug|x64
		{CE4C7493-57A0-45F6-BC34-9C851CE84229}.Debug|x86.ActiveCfg = Debug|Win32
		{CE4C7493-57A0-45F6-BC34-9C851CE84229}.Debug|x86.Build.0 = Debug|Win32
		{CE4C7493-57A0-45F6-BC34-9C851CE84229}.Release|x64.ActiveCfg = Release|x64
		{CE4C7493-57A0-45F6-BC34-9C851CE84229}.Release|x64.Build.0 = Release|x64
		{CE4C7493-57A0-45F6-BC34-9C851CE84229}.Release|x86.ActiveCfg = Release|Win32
		{CE4C7493-57A0-45F6-BC34-9C851CE84229}.Release|x86.Build.0 = Release|Win32
		{48E487B1-2813-4AAD-BBF5-01B03D2D1897}.Debug|x64.ActiveCfg = Debug|x64
		{48E487B1-2813-4AAD-BBF5-01B03D2D1897}.Debug|x64.Build.0 = Debug|x64
		{48E487B1-2813-4AAD-BBF5-01B03D2D1897}.Debug|x86.ActiveCfg = Debug|Win32
		{48E487B1-2813-4AAD-BBF5-01B03D2D1897}.Debug|x86.Build.0 = Debug|Win32
		{48E487B1-2813-4AAD-BBF5-01B03D2D1897}.Release|x64.ActiveCfg = Release|x64
		{48E487B1-2813-4AAD-BBF5-01B03D2D1897}.Release|x64.Build.0 = Release|x64
		{48E487B1-2813-4AAD-BBF5-01B03D2D1897}.Release|x86.ActiveCfg = Release|Win32
		{48E487B1-2813-4AAD-BBF5-01B03D2D1897}.Release|x86.Build.0 = Release|Win32
		{A58462E9-7068-4792-9A33-24BAF2586BA7}.Debug|x64.ActiveCfg = Debug|x64
		{A58462E9-7068-4792-9A33-24BAF2586BA7}.Debug|x64.Build.0 = Debug|x64
		{A58462E9-7068-4792-9A33-24BAF2586BA7}.Debug|x86.ActiveCfg = Debug|Win32
		{A58462E9-7068-4792-9A33-24BAF2586BA7}.Debug|x86.Build.0 = Debug|Win32
		{A58462E9-7068-4792-9A33-24BAF2586BA7}.Release|x64.ActiveCfg = Release|x64
		{A58462E9-7068-4792-9A33-24BAF2586BA7}.Release|x64.Build.0 = Release|x64
		{A58462E9-7068-4792-9A33-24BAF2586BA7}.Release|x86.ActiveCfg = Release|Win32
		{A58462E9-7068-4792-9A33-24BAF2586BA7}.Release|x86.Build.0 = Release|Win32
		{F5D8A5F4-E64F-44CD-BDF8-039A289788C8}.Debug|x64.ActiveCfg = Debug|x64
		{F5D8A5F4-E64F-44CD-BDF8-039A289788C8}.Debug|x64.Build.0 = Debug|x64
		{F5D8A5F4-E64F-44CD-BDF8-039A289788C8}.Debug|x86.ActiveCfg = Debug|Win32
		{F5D8A5F4-E64F-44CD-BDF8-039A289788C8}.Debug|x86.Build.0 = Debug|Win32
		{F5D8A5F4-E64F-44CD-BDF8-039A289788C8}.Release|x64.ActiveCfg = Release|x64
		{F5D8A5F4-E64F-44CD-BDF8-039A289788C8}.Release|x64.Build.0 = Release|x64
		{F5D8A5F4-E64F-44CD-BDF8-039A289788C8}.Release|x86.ActiveCfg = Release|Win32
		{F5D8A5F4-E64F-44CD-BDF8-039A289788C8}.Release|x86.Build.0 = Release|Win32
		{68649102-0EDE-4ABD-A3C7-8D5009802F81}.Debug|x64.ActiveCfg = Debug|x64
		{68649102-0EDE-4ABD-A3C7-8D5009802F81}.Debug|x64.Build.0 = Debug|x64
		{68649102-0EDE-4ABD-A3C7-8D5009802F81}.Debug|x86.ActiveCfg = Debug|Win32
		{68649102-0EDE-4ABD-A3C7-8D5009802F81}.Debug|x86.Build.0 = Debug|Win32
		{68649102-0EDE-4ABD-A3C7-8D5009802F81}.Release|x64.ActiveCfg = Release|x64
		{68649102-0EDE-4ABD-A3C7-8D5009802F81}.Release|x64.Build.0 = Release|x64
		{68649102-0EDE-4ABD-A3C7-8D5009802F81}.Release|x86.ActiveCfg = Release|Win32
		{68649102-0EDE-4ABD-A3C7-8D5009802F81}.Release|x86.Build.0 = Release|Win32
		{AC543E9E-3E21-4874-802C-140C6C8E499C}.Debug|x64.ActiveCfg = Debug|x64
		{AC543E9E-3E21-4874-802C-140C6C8E499C}.Debug|x64.Build.0 = Debug|x64
		{AC543E9E-3E21-4874-802C-140C6C8E499C}.Debug|x86.ActiveCfg = Debug|Win32
		{AC543E9E-3E21-4874-802C-140C6C8E499C}.Debug|x86.Build.0 = Debug|Win32
		{AC543E9E-3E21-4874-802C-140C6C8E499C}.Release|x64.ActiveCfg = Release|x64
		{AC543E9E-3E21-4874-802C-140C6C8E499C}.Release|x64.Build.0 = Release|x64
		{AC543E9E-3E21-4874-802C-140C6C8E499C}.Release|x86.ActiveCfg = Release|Win32
		{AC543E9E-3E21-4874-802C-140C6C8E499C}.Release|x86.Build.0 = Release|Win32
	EndGlobalSection
	GlobalSection(SolutionProperties) = preSolution
		HideSolutionNode = FALSE
	EndGlobalSection
	GlobalSection(ExtensibilityGlobals) = postSolution
		SolutionGuid = {E5343D7A-4B13-444C-B522-C4A544C57A3B}
	EndGlobalSection
EndGlobal
